
Microsoft Visual Studio Solution File, Format Version 12.00
# Visual Studio Version 17
VisualStudioVersion = 17.0.31903.59
MinimumVisualStudioVersion = 10.0.40219.1
Project("{FAE04EC0-301F-11D3-BF4B-00C04F79EFBC}") = "LeadGen", "LeadGen\LeadGen.csproj", "{8777D83C-4694-463E-96FC-0856DAB2E3F5}"
EndProject
Project("{FAE04EC0-301F-11D3-BF4B-00C04F79EFBC}") = "LeadGen.Tests", "LeadGen.Tests\LeadGen.Tests.csproj", "{FDB43BCE-1A37-49A7-821C-464048A8AA6B}"
EndProject
Global
	GlobalSection(SolutionConfigurationPlatforms) = preSolution
		Debug|Any CPU = Debug|Any CPU
		Debug|x64 = Debug|x64
		Debug|x86 = Debug|x86
		Release|Any CPU = Release|Any CPU
		Release|x64 = Release|x64
		Release|x86 = Release|x86
	EndGlobalSection
	GlobalSection(ProjectConfigurationPlatforms) = postSolution
		{8777D83C-4694-463E-96FC-0856DAB2E3F5}.Debug|Any CPU.ActiveCfg = Debug|Any CPU
		{8777D83C-4694-463E-96FC-0856DAB2E3F5}.Debug|Any CPU.Build.0 = Debug|Any CPU
		{8777D83C-4694-463E-96FC-0856DAB2E3F5}.Debug|x64.ActiveCfg = Debug|Any CPU
		{8777D83C-4694-463E-96FC-0856DAB2E3F5}.Debug|x64.Build.0 = Debug|Any CPU
		{8777D83C-4694-463E-96FC-0856DAB2E3F5}.Debug|x86.ActiveCfg = Debug|Any CPU
		{8777D83C-4694-463E-96FC-0856DAB2E3F5}.Debug|x86.Build.0 = Debug|Any CPU
		{8777D83C-4694-463E-96FC-0856DAB2E3F5}.Release|Any CPU.ActiveCfg = Release|Any CPU
		{8777D83C-4694-463E-96FC-0856DAB2E3F5}.Release|Any CPU.Build.0 = Release|Any CPU
		{8777D83C-4694-463E-96FC-0856DAB2E3F5}.Release|x64.ActiveCfg = Release|Any CPU
		{8777D83C-4694-463E-96FC-0856DAB2E3F5}.Release|x64.Build.0 = Release|Any CPU
		{8777D83C-4694-463E-96FC-0856DAB2E3F5}.Release|x86.ActiveCfg = Release|Any CPU
		{8777D83C-4694-463E-96FC-0856DAB2E3F5}.Release|x86.Build.0 = Release|Any CPU
		{FDB43BCE-1A37-49A7-821C-464048A8AA6B}.Debug|Any CPU.ActiveCfg = Debug|Any CPU
		{FDB43BCE-1A37-49A7-821C-464048A8AA6B}.Debug|Any CPU.Build.0 = Debug|Any CPU
		{FDB43BCE-1A37-49A7-821C-464048A8AA6B}.Debug|x64.ActiveCfg = Debug|Any CPU
		{FDB43BCE-1A37-49A7-821C-464048A8AA6B}.Debug|x64.Build.0 = Debug|Any CPU
		{FDB43BCE-1A37-49A7-821C-464048A8AA6B}.Debug|x86.ActiveCfg = Debug|Any CPU
		{FDB43BCE-1A37-49A7-821C-464048A8AA6B}.Debug|x86.Build.0 = Debug|Any CPU
		{FDB43BCE-1A37-49A7-821C-464048A8AA6B}.Release|Any CPU.ActiveCfg = Release|Any CPU
		{FDB43BCE-1A37-49A7-821C-464048A8AA6B}.Release|Any CPU.Build.0 = Release|Any CPU
		{FDB43BCE-1A37-49A7-821C-464048A8AA6B}.Release|x64.ActiveCfg = Release|Any CPU
		{FDB43BCE-1A37-49A7-821C-464048A8AA6B}.Release|x64.Build.0 = Release|Any CPU
		{FDB43BCE-1A37-49A7-821C-464048A8AA6B}.Release|x86.ActiveCfg = Release|Any CPU
		{FDB43BCE-1A37-49A7-821C-464048A8AA6B}.Release|x86.Build.0 = Release|Any CPU
	EndGlobalSection
	GlobalSection(SolutionProperties) = preSolution
		HideSolutionNode = FALSE
	EndGlobalSection
EndGlobal
